
Microsoft Visual Studio Solution File, Format Version 12.00
# Visual Studio Version 16
VisualStudioVersion = 16.0.31321.278
MinimumVisualStudioVersion = 10.0.40219.1
Project("{FAE04EC0-301F-11D3-BF4B-00C04F79EFBC}") = "ShootingGallery", "ShootingGallery.csproj", "{DFCF0977-D9E7-4250-AA72-D6413A72F066}"
EndProject
Global
	GlobalSection(SolutionConfigurationPlatforms) = preSolution
		Debug|Any CPU = Debug|Any CPU
		Release|Any CPU = Release|Any CPU
	EndGlobalSection
	GlobalSection(ProjectConfigurationPlatforms) = postSolution
		{DFCF0977-D9E7-4250-AA72-D6413A72F066}.Debug|Any CPU.ActiveCfg = Debug|Any CPU
		{DFCF0977-D9E7-4250-AA72-D6413A72F066}.Debug|Any CPU.Build.0 = Debug|Any CPU
		{DFCF0977-D9E7-4250-AA72-D6413A72F066}.Release|Any CPU.ActiveCfg = Release|Any CPU
		{DFCF0977-D9E7-4250-AA72-D6413A72F066}.Release|Any CPU.Build.0 = Release|Any CPU
	EndGlobalSection
	GlobalSection(SolutionProperties) = preSolution
		HideSolutionNode = FALSE
	EndGlobalSection
	GlobalSection(ExtensibilityGlobals) = postSolution
		SolutionGuid = {7FCD7C9A-AE2D-4517-9E40-CE30DDD3262D}
	EndGlobalSection
EndGlobal
